
Microsoft Visual Studio Solution File, Format Version 12.00
# Visual Studio Version 16
VisualStudioVersion = 16.0.30503.244
MinimumVisualStudioVersion = 10.0.40219.1
Project("{FAE04EC0-301F-11D3-BF4B-00C04F79EFBC}") = "Task1.1", "Task1.1\Task1.1.csproj", "{5417FAAE-C0EA-4499-A033-AADE9952FD5E}"
EndProject
Global
	GlobalSection(SolutionConfigurationPlatforms) = preSolution
		Debug|Any CPU = Debug|Any CPU
		Release|Any CPU = Release|Any CPU
	EndGlobalSection
	GlobalSection(ProjectConfigurationPlatforms) = postSolution
		{5417FAAE-C0EA-4499-A033-AADE9952FD5E}.Debug|Any CPU.ActiveCfg = Debug|Any CPU
		{5417FAAE-C0EA-4499-A033-AADE9952FD5E}.Debug|Any CPU.Build.0 = Debug|Any CPU
		{5417FAAE-C0EA-4499-A033-AADE9952FD5E}.Release|Any CPU.ActiveCfg = Release|Any CPU
		{5417FAAE-C0EA-4499-A033-AADE9952FD5E}.Release|Any CPU.Build.0 = Release|Any CPU
	EndGlobalSection
	GlobalSection(SolutionProperties) = preSolution
		HideSolutionNode = FALSE
	EndGlobalSection
	GlobalSection(ExtensibilityGlobals) = postSolution
		SolutionGuid = {DDAA5F4D-3BDD-4195-ADEC-6C9CF0D0DF4D}
	EndGlobalSection
EndGlobal
