
Microsoft Visual Studio Solution File, Format Version 12.00
# Visual Studio Version 16
VisualStudioVersion = 16.0.30503.244
MinimumVisualStudioVersion = 10.0.40219.1
Project("{FAE04EC0-301F-11D3-BF4B-00C04F79EFBC}") = "Task 3.3", "Task 3.3\Task 3.3.csproj", "{5CBAB141-97C9-4994-B8E2-02C1626361C6}"
EndProject
Global
	GlobalSection(SolutionConfigurationPlatforms) = preSolution
		Debug|Any CPU = Debug|Any CPU
		Release|Any CPU = Release|Any CPU
	EndGlobalSection
	GlobalSection(ProjectConfigurationPlatforms) = postSolution
		{5CBAB141-97C9-4994-B8E2-02C1626361C6}.Debug|Any CPU.ActiveCfg = Debug|Any CPU
		{5CBAB141-97C9-4994-B8E2-02C1626361C6}.Debug|Any CPU.Build.0 = Debug|Any CPU
		{5CBAB141-97C9-4994-B8E2-02C1626361C6}.Release|Any CPU.ActiveCfg = Release|Any CPU
		{5CBAB141-97C9-4994-B8E2-02C1626361C6}.Release|Any CPU.Build.0 = Release|Any CPU
	EndGlobalSection
	GlobalSection(SolutionProperties) = preSolution
		HideSolutionNode = FALSE
	EndGlobalSection
	GlobalSection(ExtensibilityGlobals) = postSolution
		SolutionGuid = {0C2B2DC1-4981-4630-862C-5DA26A6CD42B}
	EndGlobalSection
EndGlobal
