
Microsoft Visual Studio Solution File, Format Version 12.00
# Visual Studio Version 16
VisualStudioVersion = 16.0.30503.244
MinimumVisualStudioVersion = 10.0.40219.1
Project("{FAE04EC0-301F-11D3-BF4B-00C04F79EFBC}") = "Task3.1", "Task3.1\Task3.1.csproj", "{EB715524-88A4-43AC-9544-1C64F0A54E95}"
EndProject
Global
	GlobalSection(SolutionConfigurationPlatforms) = preSolution
		Debug|Any CPU = Debug|Any CPU
		Release|Any CPU = Release|Any CPU
	EndGlobalSection
	GlobalSection(ProjectConfigurationPlatforms) = postSolution
		{EB715524-88A4-43AC-9544-1C64F0A54E95}.Debug|Any CPU.ActiveCfg = Debug|Any CPU
		{EB715524-88A4-43AC-9544-1C64F0A54E95}.Debug|Any CPU.Build.0 = Debug|Any CPU
		{EB715524-88A4-43AC-9544-1C64F0A54E95}.Release|Any CPU.ActiveCfg = Release|Any CPU
		{EB715524-88A4-43AC-9544-1C64F0A54E95}.Release|Any CPU.Build.0 = Release|Any CPU
	EndGlobalSection
	GlobalSection(SolutionProperties) = preSolution
		HideSolutionNode = FALSE
	EndGlobalSection
	GlobalSection(ExtensibilityGlobals) = postSolution
		SolutionGuid = {9DF687AC-F6C3-4F4E-9143-994C065B733C}
	EndGlobalSection
EndGlobal
