
Microsoft Visual Studio Solution File, Format Version 12.00
# Visual Studio Version 16
VisualStudioVersion = 16.0.810.16
MinimumVisualStudioVersion = 10.0.40219.1
Project("{FAE04EC0-301F-11D3-BF4B-00C04F79EFBC}") = "Task2.1.1", "Task2.1.1\Task2.1.1.csproj", "{9005B098-B185-4B01-9EF9-7D228A6ABBEE}"
EndProject
Project("{FAE04EC0-301F-11D3-BF4B-00C04F79EFBC}") = "CharArray", "CharArray\CharArray.csproj", "{F797CA8B-6C8A-459E-8632-95CEC67354F2}"
EndProject
Global
	GlobalSection(SolutionConfigurationPlatforms) = preSolution
		Debug|anycpu = Debug|anycpu
		Release|anycpu = Release|anycpu
	EndGlobalSection
	GlobalSection(ProjectConfigurationPlatforms) = postSolution
		{9005B098-B185-4B01-9EF9-7D228A6ABBEE}.Debug|anycpu.ActiveCfg = Debug|anycpu
		{9005B098-B185-4B01-9EF9-7D228A6ABBEE}.Debug|anycpu.Build.0 = Debug|anycpu
		{9005B098-B185-4B01-9EF9-7D228A6ABBEE}.Release|anycpu.ActiveCfg = Release|anycpu
		{9005B098-B185-4B01-9EF9-7D228A6ABBEE}.Release|anycpu.Build.0 = Release|anycpu
		{F797CA8B-6C8A-459E-8632-95CEC67354F2}.Debug|anycpu.ActiveCfg = Debug|Any CPU
		{F797CA8B-6C8A-459E-8632-95CEC67354F2}.Debug|anycpu.Build.0 = Debug|Any CPU
		{F797CA8B-6C8A-459E-8632-95CEC67354F2}.Release|anycpu.ActiveCfg = Release|Any CPU
		{F797CA8B-6C8A-459E-8632-95CEC67354F2}.Release|anycpu.Build.0 = Release|Any CPU
	EndGlobalSection
	GlobalSection(SolutionProperties) = preSolution
		HideSolutionNode = FALSE
	EndGlobalSection
	GlobalSection(ExtensibilityGlobals) = postSolution
		SolutionGuid = {3FEBEA71-E9D8-4A26-AAB0-21E3E474A936}
	EndGlobalSection
EndGlobal
